
Microsoft Visual Studio Solution File, Format Version 12.00
# Visual Studio Version 16
VisualStudioVersion = 16.0.30523.141
MinimumVisualStudioVersion = 10.0.40219.1
Project("{9A19103F-16F7-4668-BE54-9A1E7A4F7556}") = "DroneManager", "DroneManager\DroneManager.csproj", "{7E31B23E-8DCF-490B-A0C1-CA0668FB5350}"
EndProject
Project("{FAE04EC0-301F-11D3-BF4B-00C04F79EFBC}") = "UnitTestProject1", "UnitTestProject1\UnitTestProject1.csproj", "{4AA923E6-1EFD-41AF-AC47-F827DF4016F3}"
EndProject
Project("{9A19103F-16F7-4668-BE54-9A1E7A4F7556}") = "SuCorrientazoDomicilioBussiness", "SuCorrientazoDomicilioBussiness\SuCorrientazoDomicilioBussiness.csproj", "{4C0C26CC-C339-4FAD-B0DC-11A48AF52BF2}"
EndProject
Project("{FAE04EC0-301F-11D3-BF4B-00C04F79EFBC}") = "FileManager", "FileManager\FileManager.csproj", "{930B8258-8C99-404E-BEDB-B680BBDD70F5}"
EndProject
Global
	GlobalSection(SolutionConfigurationPlatforms) = preSolution
		Debug|Any CPU = Debug|Any CPU
		Release|Any CPU = Release|Any CPU
	EndGlobalSection
	GlobalSection(ProjectConfigurationPlatforms) = postSolution
		{7E31B23E-8DCF-490B-A0C1-CA0668FB5350}.Debug|Any CPU.ActiveCfg = Debug|Any CPU
		{7E31B23E-8DCF-490B-A0C1-CA0668FB5350}.Debug|Any CPU.Build.0 = Debug|Any CPU
		{7E31B23E-8DCF-490B-A0C1-CA0668FB5350}.Release|Any CPU.ActiveCfg = Release|Any CPU
		{7E31B23E-8DCF-490B-A0C1-CA0668FB5350}.Release|Any CPU.Build.0 = Release|Any CPU
		{4AA923E6-1EFD-41AF-AC47-F827DF4016F3}.Debug|Any CPU.ActiveCfg = Debug|Any CPU
		{4AA923E6-1EFD-41AF-AC47-F827DF4016F3}.Debug|Any CPU.Build.0 = Debug|Any CPU
		{4AA923E6-1EFD-41AF-AC47-F827DF4016F3}.Release|Any CPU.ActiveCfg = Release|Any CPU
		{4AA923E6-1EFD-41AF-AC47-F827DF4016F3}.Release|Any CPU.Build.0 = Release|Any CPU
		{4C0C26CC-C339-4FAD-B0DC-11A48AF52BF2}.Debug|Any CPU.ActiveCfg = Debug|Any CPU
		{4C0C26CC-C339-4FAD-B0DC-11A48AF52BF2}.Debug|Any CPU.Build.0 = Debug|Any CPU
		{4C0C26CC-C339-4FAD-B0DC-11A48AF52BF2}.Release|Any CPU.ActiveCfg = Release|Any CPU
		{4C0C26CC-C339-4FAD-B0DC-11A48AF52BF2}.Release|Any CPU.Build.0 = Release|Any CPU
		{930B8258-8C99-404E-BEDB-B680BBDD70F5}.Debug|Any CPU.ActiveCfg = Debug|Any CPU
		{930B8258-8C99-404E-BEDB-B680BBDD70F5}.Debug|Any CPU.Build.0 = Debug|Any CPU
		{930B8258-8C99-404E-BEDB-B680BBDD70F5}.Release|Any CPU.ActiveCfg = Release|Any CPU
		{930B8258-8C99-404E-BEDB-B680BBDD70F5}.Release|Any CPU.Build.0 = Release|Any CPU
	EndGlobalSection
	GlobalSection(SolutionProperties) = preSolution
		HideSolutionNode = FALSE
	EndGlobalSection
	GlobalSection(ExtensibilityGlobals) = postSolution
		SolutionGuid = {48FB00ED-B1D4-4258-98E8-4FB37980AC39}
	EndGlobalSection
EndGlobal
